
Microsoft Visual Studio Solution File, Format Version 12.00
# Visual Studio Version 16
VisualStudioVersion = 16.0.33801.447
MinimumVisualStudioVersion = 10.0.40219.1
Project("{9A19103F-16F7-4668-BE54-9A1E7A4F7556}") = "DailyExpense", "DailyExpense\DailyExpense.csproj", "{43E622D1-D081-4A11-B578-437AB294496A}"
EndProject
Project("{FAE04EC0-301F-11D3-BF4B-00C04F79EFBC}") = "DailyExpenseAPI", "DailyExpenseAPI\DailyExpenseAPI.csproj", "{D8027EA3-396B-4363-BFE5-0A26B2B99BED}"
EndProject
Global
	GlobalSection(SolutionConfigurationPlatforms) = preSolution
		Debug|Any CPU = Debug|Any CPU
		Release|Any CPU = Release|Any CPU
	EndGlobalSection
	GlobalSection(ProjectConfigurationPlatforms) = postSolution
		{43E622D1-D081-4A11-B578-437AB294496A}.Debug|Any CPU.ActiveCfg = Debug|Any CPU
		{43E622D1-D081-4A11-B578-437AB294496A}.Debug|Any CPU.Build.0 = Debug|Any CPU
		{43E622D1-D081-4A11-B578-437AB294496A}.Release|Any CPU.ActiveCfg = Release|Any CPU
		{43E622D1-D081-4A11-B578-437AB294496A}.Release|Any CPU.Build.0 = Release|Any CPU
		{D8027EA3-396B-4363-BFE5-0A26B2B99BED}.Debug|Any CPU.ActiveCfg = Debug|Any CPU
		{D8027EA3-396B-4363-BFE5-0A26B2B99BED}.Debug|Any CPU.Build.0 = Debug|Any CPU
		{D8027EA3-396B-4363-BFE5-0A26B2B99BED}.Release|Any CPU.ActiveCfg = Release|Any CPU
		{D8027EA3-396B-4363-BFE5-0A26B2B99BED}.Release|Any CPU.Build.0 = Release|Any CPU
	EndGlobalSection
	GlobalSection(SolutionProperties) = preSolution
		HideSolutionNode = FALSE
	EndGlobalSection
	GlobalSection(ExtensibilityGlobals) = postSolution
		SolutionGuid = {EE9CC750-DB6E-4A9E-8235-D91600E4D0DC}
	EndGlobalSection
EndGlobal
